version = 1
revision = 3
requires-python = ">=3.13, <3.15"

[[package]]
name = "colorama"
version = "0.4.6"
source = { registry = "https://pypi.org/simple" }
sdist = { url = "https://files.pythonhosted.org/packages/d8/53/6f443c9a4a8358a93a6792e2acffb9d9d5cb0a5cfd8802644b7b1c9a02e4/colorama-0.4.6.tar.gz", hash = "sha256:08695f5cb7ed6e0531a20572697297273c47b8cae5a63ffc6d6ed5c201be6e44", size = 27697, upload-time = "2022-10-25T02:36:22.414Z" }
wheels = [
    { url = "https://files.pythonhosted.org/packages/d1/d6/3965ed04c63042e047cb6a3e6ed1a63a35087b6a609aa3a15ed8ac56c221/colorama-0.4.6-py2.py3-none-any.whl", hash = "sha256:4f1d9991f5acc0ca119f9d443620b77f9d6b33703e51011c16baf57afb285fc6", size = 25335, upload-time = "2022-10-25T02:36:20.889Z" },
]

[[package]]
name = "harness-bootstrap-template"
version = "0.1.0"
source = { editable = "." }

[package.dev-dependencies]
dev = [
    { name = "pytest" },
    { name = "ruff" },
    { name = "ty" },
]

[package.metadata]

[package.metadata.requires-dev]
dev = [
    { name = "pytest", specifier = "==8.4.2" },
    { name = "ruff", specifier = "==0.14.2" },
    { name = "ty", specifier = "==0.0.64" },
]

[[package]]
name = "iniconfig"
version = "2.3.0"
source = { registry = "https://pypi.org/simple" }
sdist = { url = "https://files.pythonhosted.org/packages/72/34/14ca021ce8e5dfedc35312d08ba8bf51fdd999c576889fc2c24cb97f4f10/iniconfig-2.3.0.tar.gz", hash = "sha256:c76315c77db068650d49c5b56314774a7804df16fee4402c1f19d6d15d8c4730", size = 20503, upload-time = "2025-10-18T21:55:43.219Z" }
wheels = [
    { url = "https://files.pythonhosted.org/packages/cb/b1/3846dd7f199d53cb17f49cba7e651e9ce294d8497c8c150530ed11865bb8/iniconfig-2.3.0-py3-none-any.whl", hash = "sha256:f631c04d2c48c52b84d0d0549c99ff3859c98df65b3101406327ecc7d53fbf12", size = 7484, upload-time = "2025-10-18T21:55:41.639Z" },
]

[[package]]
name = "packaging"
version = "26.2"
source = { registry = "https://pypi.org/simple" }
sdist = { url = "https://files.pythonhosted.org/packages/d7/f1/e7a6dd94a8d4a5626c03e4e99c87f241ba9e350cd9e6d75123f992427270/packaging-26.2.tar.gz", hash = "sha256:ff452ff5a3e828ce110190feff1178bb1f2ea2281fa2075aadb987c2fb221661", size = 228134, upload-time = "2026-04-24T20:15:23.917Z" }
wheels = [
    { url = "https://files.pythonhosted.org/packages/df/b2/87e62e8c3e2f4b32e5fe99e0b86d576da1312593b39f47d8ceef365e95ed/packaging-26.2-py3-none-any.whl", hash = "sha256:5fc45236b9446107ff2415ce77c807cee2862cb6fac22b8a73826d0693b0980e", size = 100195, upload-time = "2026-04-24T20:15:22.081Z" },
]

[[package]]
name = "pluggy"
version = "1.6.0"
source = { registry = "https://pypi.org/simple" }
sdist = { url = "https://files.pythonhosted.org/packages/f9/e2/3e91f31a7d2b083fe6ef3fa267035b518369d9511ffab804f839851d2779/pluggy-1.6.0.tar.gz", hash = "sha256:7dcc130b76258d33b90f61b658791dede3486c3e6bfb003ee5c9bfb396dd22f3", size = 69412, upload-time = "2025-05-15T12:30:07.975Z" }
wheels = [
    { url = "https://files.pythonhosted.org/packages/54/20/4d324d65cc6d9205fabedc306948156824eb9f0ee1633355a8f7ec5c66bf/pluggy-1.6.0-py3-none-any.whl", hash = "sha256:e920276dd6813095e9377c0bc5566d94c932c33b27a3e3945d8389c374dd4746", size = 20538, upload-time = "2025-05-15T12:30:06.134Z" },
]

[[package]]
name = "pygments"
version = "2.20.0"
source = { registry = "https://pypi.org/simple" }
sdist = { url = "https://files.pythonhosted.org/packages/c3/b2/bc9c9196916376152d655522fdcebac55e66de6603a76a02bca1b6414f6c/pygments-2.20.0.tar.gz", hash = "sha256:6757cd03768053ff99f3039c1a36d6c0aa0b263438fcab17520b30a303a82b5f", size = 4955991, upload-time = "2026-03-29T13:29:33.898Z" }
wheels = [
    { url = "https://files.pythonhosted.org/packages/f4/7e/a72dd26f3b0f4f2bf1dd8923c85f7ceb43172af56d63c7383eb62b332364/pygments-2.20.0-py3-none-any.whl", hash = "sha256:81a9e26dd42fd28a23a2d169d86d7ac03b46e2f8b59ed4698fb4785f946d0176", size = 1231151, upload-time = "2026-03-29T13:29:30.038Z" },
]

[[package]]
name = "pytest"
version = "8.4.2"
source = { registry = "https://pypi.org/simple" }
dependencies = [
    { name = "colorama", marker = "sys_platform == 'win32'" },
    { name = "iniconfig" },
    { name = "packaging" },
    { name = "pluggy" },
    { name = "pygments" },
]
sdist = { url = "https://files.pythonhosted.org/packages/a3/5c/00a0e072241553e1a7496d638deababa67c5058571567b92a7eaa258397c/pytest-8.4.2.tar.gz", hash = "sha256:86c0d0b93306b961d58d62a4db4879f27fe25513d4b969df351abdddb3c30e01", size = 1519618, upload-time = "2025-09-04T14:34:22.711Z" }
wheels = [
    { url = "https://files.pythonhosted.org/packages/a8/a4/20da314d277121d6534b3a980b29035dcd51e6744bd79075a6ce8fa4eb8d/pytest-8.4.2-py3-none-any.whl", hash = "sha256:872f880de3fc3a5bdc88a11b39c9710c3497a547cfa9320bc3c5e62fbf272e79", size = 365750, upload-time = "2025-09-04T14:34:20.226Z" },
]

[[package]]
name = "ruff"
version = "0.14.2"
source = { registry = "https://pypi.org/simple" }
sdist = { url = "https://files.pythonhosted.org/packages/ee/34/8218a19b2055b80601e8fd201ec723c74c7fe1ca06d525a43ed07b6d8e85/ruff-0.14.2.tar.gz", hash = "sha256:98da787668f239313d9c902ca7c523fe11b8ec3f39345553a51b25abc4629c96", size = 5539663, upload-time = "2025-10-23T19:37:00.956Z" }
wheels = [
    { url = "https://files.pythonhosted.org/packages/16/dd/23eb2db5ad9acae7c845700493b72d3ae214dce0b226f27df89216110f2b/ruff-0.14.2-py3-none-linux_armv6l.whl", hash = "sha256:7cbe4e593505bdec5884c2d0a4d791a90301bc23e49a6b1eb642dd85ef9c64f1", size = 12533390, upload-time = "2025-10-23T19:36:18.044Z" },
    { url = "https://files.pythonhosted.org/packages/5a/8c/5f9acff43ddcf3f85130d0146d0477e28ccecc495f9f684f8f7119b74c0d/ruff-0.14.2-py3-none-macosx_10_12_x86_64.whl", hash = "sha256:8d54b561729cee92f8d89c316ad7a3f9705533f5903b042399b6ae0ddfc62e11", size = 12887187, upload-time = "2025-10-23T19:36:22.664Z" },
    { url = "https://files.pythonhosted.org/packages/99/fa/047646491479074029665022e9f3dc6f0515797f40a4b6014ea8474c539d/ruff-0.14.2-py3-none-macosx_11_0_arm64.whl", hash = "sha256:5c8753dfa44ebb2cde10ce5b4d2ef55a41fb9d9b16732a2c5df64620dbda44a3", size = 11925177, upload-time = "2025-10-23T19:36:24.778Z" },
    { url = "https://files.pythonhosted.org/packages/15/8b/c44cf7fe6e59ab24a9d939493a11030b503bdc2a16622cede8b7b1df0114/ruff-0.14.2-py3-none-manylinux_2_17_aarch64.manylinux2014_aarch64.whl", hash = "sha256:3d0bbeffb8d9f4fccf7b5198d566d0bad99a9cb622f1fc3467af96cb8773c9e3", size = 12358285, upload-time = "2025-10-23T19:36:26.979Z" },
    { url = "https://files.pythonhosted.org/packages/45/01/47701b26254267ef40369aea3acb62a7b23e921c27372d127e0f3af48092/ruff-0.14.2-py3-none-manylinux_2_17_armv7l.manylinux2014_armv7l.whl", hash = "sha256:7047f0c5a713a401e43a88d36843d9c83a19c584e63d664474675620aaa634a8", size = 12303832, upload-time = "2025-10-23T19:36:29.192Z" },
    { url = "https://files.pythonhosted.org/packages/2d/5c/ae7244ca4fbdf2bee9d6405dcd5bc6ae51ee1df66eb7a9884b77b8af856d/ruff-0.14.2-py3-none-manylinux_2_17_i686.manylinux2014_i686.whl", hash = "sha256:3bf8d2f9aa1602599217d82e8e0af7fd33e5878c4d98f37906b7c93f46f9a839", size = 13036995, upload-time = "2025-10-23T19:36:31.861Z" },
    { url = "https://files.pythonhosted.org/packages/27/4c/0860a79ce6fd4c709ac01173f76f929d53f59748d0dcdd662519835dae43/ruff-0.14.2-py3-none-manylinux_2_17_ppc64.manylinux2014_ppc64.whl", hash = "sha256:1c505b389e19c57a317cf4b42db824e2fca96ffb3d86766c1c9f8b96d32048a7", size = 14512649, upload-time = "2025-10-23T19:36:33.915Z" },
    { url = "https://files.pythonhosted.org/packages/7f/7f/d365de998069720a3abfc250ddd876fc4b81a403a766c74ff9bde15b5378/ruff-0.14.2-py3-none-manylinux_2_17_ppc64le.manylinux2014_ppc64le.whl", hash = "sha256:a307fc45ebd887b3f26b36d9326bb70bf69b01561950cdcc6c0bdf7bb8e0f7cc", size = 14088182, upload-time = "2025-10-23T19:36:36.983Z" },
    { url = "https://files.pythonhosted.org/packages/6c/ea/d8e3e6b209162000a7be1faa41b0a0c16a133010311edc3329753cc6596a/ruff-0.14.2-py3-none-manylinux_2_17_s390x.manylinux2014_s390x.whl", hash = "sha256:61ae91a32c853172f832c2f40bd05fd69f491db7289fb85a9b941ebdd549781a", size = 13599516, upload-time = "2025-10-23T19:36:39.208Z" },
    { url = "https://files.pythonhosted.org/packages/fa/ea/c7810322086db68989fb20a8d5221dd3b79e49e396b01badca07b433ab45/ruff-0.14.2-py3-none-manylinux_2_17_x86_64.manylinux2014_x86_64.whl", hash = "sha256:bc1967e40286f63ee23c615e8e7e98098dedc7301568bd88991f6e544d8ae096", size = 13272690, upload-time = "2025-10-23T19:36:41.453Z" },
    { url = "https://files.pythonhosted.org/packages/a9/39/10b05acf8c45786ef501d454e00937e1b97964f846bf28883d1f9619928a/ruff-0.14.2-py3-none-manylinux_2_31_riscv64.whl", hash = "sha256:2877f02119cdebf52a632d743a2e302dea422bfae152ebe2f193d3285a3a65df", size = 13496497, upload-time = "2025-10-23T19:36:43.61Z" },
    { url = "https://files.pythonhosted.org/packages/59/a1/1f25f8301e13751c30895092485fada29076e5e14264bdacc37202e85d24/ruff-0.14.2-py3-none-musllinux_1_2_aarch64.whl", hash = "sha256:e681c5bc777de5af898decdcb6ba3321d0d466f4cb43c3e7cc2c3b4e7b843a05", size = 12266116, upload-time = "2025-10-23T19:36:45.625Z" },
    { url = "https://files.pythonhosted.org/packages/5c/fa/0029bfc9ce16ae78164e6923ef392e5f173b793b26cc39aa1d8b366cf9dc/ruff-0.14.2-py3-none-musllinux_1_2_armv7l.whl", hash = "sha256:e21be42d72e224736f0c992cdb9959a2fa53c7e943b97ef5d081e13170e3ffc5", size = 12281345, upload-time = "2025-10-23T19:36:47.618Z" },
    { url = "https://files.pythonhosted.org/packages/a5/ab/ece7baa3c0f29b7683be868c024f0838770c16607bea6852e46b202f1ff6/ruff-0.14.2-py3-none-musllinux_1_2_i686.whl", hash = "sha256:b8264016f6f209fac16262882dbebf3f8be1629777cf0f37e7aff071b3e9b92e", size = 12629296, upload-time = "2025-10-23T19:36:49.789Z" },
    { url = "https://files.pythonhosted.org/packages/a4/7f/638f54b43f3d4e48c6a68062794e5b367ddac778051806b9e235dfb7aa81/ruff-0.14.2-py3-none-musllinux_1_2_x86_64.whl", hash = "sha256:5ca36b4cb4db3067a3b24444463ceea5565ea78b95fe9a07ca7cb7fd16948770", size = 13371610, upload-time = "2025-10-23T19:36:51.882Z" },
    { url = "https://files.pythonhosted.org/packages/8d/35/3654a973ebe5b32e1fd4a08ed2d46755af7267da7ac710d97420d7b8657d/ruff-0.14.2-py3-none-win32.whl", hash = "sha256:41775927d287685e08f48d8eb3f765625ab0b7042cc9377e20e64f4eb0056ee9", size = 12415318, upload-time = "2025-10-23T19:36:53.961Z" },
    { url = "https://files.pythonhosted.org/packages/71/30/3758bcf9e0b6a4193a6f51abf84254aba00887dfa8c20aba18aa366c5f57/ruff-0.14.2-py3-none-win_amd64.whl", hash = "sha256:0df3424aa5c3c08b34ed8ce099df1021e3adaca6e90229273496b839e5a7e1af", size = 13565279, upload-time = "2025-10-23T19:36:56.578Z" },
    { url = "https://files.pythonhosted.org/packages/2e/5d/aa883766f8ef9ffbe6aa24f7192fb71632f31a30e77eb39aa2b0dc4290ac/ruff-0.14.2-py3-none-win_arm64.whl", hash = "sha256:ea9d635e83ba21569fbacda7e78afbfeb94911c9434aff06192d9bc23fd5495a", size = 12554956, upload-time = "2025-10-23T19:36:58.714Z" },
]

[[package]]
name = "ty"
version = "0.0.64"
source = { registry = "https://pypi.org/simple" }
sdist = { url = "https://files.pythonhosted.org/packages/8e/aa/14c9965d3b173105692473897cc89c34cd91241368b2044e43167e1c17ff/ty-0.0.64.tar.gz", hash = "sha256:d12ddbb05f15158bb518af619378b385486450def95fb06f8ab98037febe9f2c", size = 6350966, upload-time = "2026-07-27T18:32:45.403Z" }
wheels = [
    { url = "https://files.pythonhosted.org/packages/ae/4c/c54937e4ff3fa7b34a99ea3387ec766bf0ad98dc8df8d792e89b388e658e/ty-0.0.64-py3-none-linux_armv6l.whl", hash = "sha256:3830a6675ab43635ced1c4c557f380ac4a49e9414e03975e4e4e8db644c64944", size = 12118357, upload-time = "2026-07-27T18:32:08.702Z" },
    { url = "https://files.pythonhosted.org/packages/ce/aa/a839ee2bc78e943d079e6abe199a97b4eeffb7e5c9a57326d69de452186a/ty-0.0.64-py3-none-macosx_10_12_x86_64.whl", hash = "sha256:3ff07d7bc32a2135f58afe57393789a32ea2fed1a66216129a8e535e76043903", size = 11790882, upload-time = "2026-07-27T18:32:10.997Z" },
    { url = "https://files.pythonhosted.org/packages/4c/de/19f14357888a7198438926303753cf749428e3d62e8980ff1e9a72a78402/ty-0.0.64-py3-none-macosx_11_0_arm64.whl", hash = "sha256:4f6d1c7f897cca05d12bacbf1435150d5ffa496099515aa6ed303c8b29e1d0bb", size = 11317394, upload-time = "2026-07-27T18:32:13.162Z" },
    { url = "https://files.pythonhosted.org/packages/08/2f/f54462300535ab99b551eda733177be2eef5dbc2997d3fdb357c4ddd760a/ty-0.0.64-py3-none-manylinux_2_17_aarch64.manylinux2014_aarch64.whl", hash = "sha256:138d6c37ad4bf8583aa7a9b29d90954151d7856f9910a03eae3eb34b34c57215", size = 11863042, upload-time = "2026-07-27T18:32:15.307Z" },
    { url = "https://files.pythonhosted.org/packages/5e/95/dbecf745520ebe8bd7b02fc55eee6441c9be312ebf6addce605eb52740dd/ty-0.0.64-py3-none-manylinux_2_17_armv7l.manylinux2014_armv7l.whl", hash = "sha256:1ed9719d1b7b66fb8efe073d860208a44c40af1f6cd5c2364aa9b323a1e579b4", size = 11910730, upload-time = "2026-07-27T18:32:17.467Z" },
    { url = "https://files.pythonhosted.org/packages/3b/26/12cfd40028e51ceed7b3cb645281c61c02eb64ff9fb0c09231d65c30ff25/ty-0.0.64-py3-none-manylinux_2_17_i686.manylinux2014_i686.whl", hash = "sha256:d68b23e5169e2137b5f1de7169ab0cebecab6c8eda374c34c1f6394308f58242", size = 12631936, upload-time = "2026-07-27T18:32:19.533Z" },
    { url = "https://files.pythonhosted.org/packages/a0/d0/65ffc2b0a686347193c6f98e9421a7fc2a96fc3cd0b1001cf7cf284baff9/ty-0.0.64-py3-none-manylinux_2_17_ppc64le.manylinux2014_ppc64le.whl", hash = "sha256:f41cb07d89d32626fcaf3ed4d262778fcb28b2628b6ed1e172cd7b18820668d8", size = 13171049, upload-time = "2026-07-27T18:32:22.026Z" },
    { url = "https://files.pythonhosted.org/packages/f6/a4/975a5961842dcd6fa60f0770a102c0bba7509da909ab652919bfcdcd4fc7/ty-0.0.64-py3-none-manylinux_2_17_s390x.manylinux2014_s390x.whl", hash = "sha256:5f24e1504ab9e212f92356b82fe088fdeb3a39f9a2f4ff25e505d2e1d0db9056", size = 12826438, upload-time = "2026-07-27T18:32:24.178Z" },
    { url = "https://files.pythonhosted.org/packages/af/ef/dfb9b7f9bcc032d3b540b0d1f55f532a336e2fb41b1bd539c05ae81a151a/ty-0.0.64-py3-none-manylinux_2_17_x86_64.manylinux2014_x86_64.whl", hash = "sha256:86db830cb914bb33bb8247b66ccea58de4496c2391bd42658aba744b439f3290", size = 12440880, upload-time = "2026-07-27T18:32:26.341Z" },
    { url = "https://files.pythonhosted.org/packages/ee/d0/bedac20505e8a8f5501ad73d7d15d8e421a563fef59993909a23036929a4/ty-0.0.64-py3-none-manylinux_2_31_riscv64.whl", hash = "sha256:652ee3d6d03bea76cd2fe8949c78bb5970394ebd7c5fd270e9518c0dee1b931d", size = 12782439, upload-time = "2026-07-27T18:32:28.642Z" },
    { url = "https://files.pythonhosted.org/packages/79/d5/795733f13ceff1378f08b3de0c49d0f518df220ed856b0dfac869f3b7c81/ty-0.0.64-py3-none-musllinux_1_2_aarch64.whl", hash = "sha256:4838768295774a86e95f9ec5633e739d016adbbb69dcbdc62f3549578a11f624", size = 11814821, upload-time = "2026-07-27T18:32:30.632Z" },
    { url = "https://files.pythonhosted.org/packages/52/3e/9d99cd1e1831003434f508ed9f258a56543194afc3bbe051eba2545fa676/ty-0.0.64-py3-none-musllinux_1_2_armv7l.whl", hash = "sha256:5a3d700669868599edf39ce5125196682f15a8880cc8c669bc2a83b99984d99b", size = 11928678, upload-time = "2026-07-27T18:32:32.888Z" },
    { url = "https://files.pythonhosted.org/packages/b8/3d/448f49a3503fb119a34348a5714bb92001f252fadbbb12d645f2e744b557/ty-0.0.64-py3-none-musllinux_1_2_i686.whl", hash = "sha256:b161f0a82a8e2f2432db3bf7702b4d3924fa9486ba0014f6710a160fc157df0d", size = 12202249, upload-time = "2026-07-27T18:32:34.905Z" },
    { url = "https://files.pythonhosted.org/packages/dd/9b/75768e562cec990d189dc05807ae72890b20ffbd1e1f43597bb98db63c60/ty-0.0.64-py3-none-musllinux_1_2_x86_64.whl", hash = "sha256:39b9dd42908df47c2dc57dda87e656fab97097ffd2618474bbdea986af0d6a9d", size = 12548817, upload-time = "2026-07-27T18:32:36.995Z" },
    { url = "https://files.pythonhosted.org/packages/34/89/44cc276ea6ca0245495014758ffeadde1798fb0b5840c9cf36d8d2ed3250/ty-0.0.64-py3-none-win32.whl", hash = "sha256:d0676ab0e0935795e5843baa28dd5e366dc343d7c0945a996df9eab8e0644885", size = 11545474, upload-time = "2026-07-27T18:32:39.389Z" },
    { url = "https://files.pythonhosted.org/packages/01/7e/d1c8a871a38d17c8f168b9a6975f6247f7660f8334e517656a5e4b4a4858/ty-0.0.64-py3-none-win_amd64.whl", hash = "sha256:dcb9bd31f54097e362b776c26ab4564d4564cdd1355cb883481167a26c03cc3f", size = 12542987, upload-time = "2026-07-27T18:32:41.412Z" },
    { url = "https://files.pythonhosted.org/packages/35/4d/6d18640d0204cacd69abbaca95ad6a34c6d7e9169e9051d0117b17b827ec/ty-0.0.64-py3-none-win_arm64.whl", hash = "sha256:82cc34c1ad9a8feb6059aef193bebcecc656e548f6fab3d518bcd8b57d198d39", size = 11899263, upload-time = "2026-07-27T18:32:43.366Z" },
]
